PODS:
  - RxSwift (3.0.1)
  - Sparkle (1.14.0)

DEPENDENCIES:
  - RxSwift (~> 3.0.1)
  - Sparkle (~> 1.14.0)

SPEC CHECKSUMS:
  RxSwift: af5680055c4ad04480189c52d28385b1029493a6
  Sparkle: ccd95233b12a3e3d4eeb55ff01dd4c8bb8188b07

PODFILE CHECKSUM: 8c570c8a075695061e1ab30c4658033d4e501be8

COCOAPODS: 1.1.1
